<?xml version="1.0" encoding="UTF-8" standalone="yes" ?>
<CodeBlocks_project_file>
	<FileVersion major="1" minor="6" />
	<Project>
		<Option title="jv-ini" />
		<Option pch_mode="2" />
		<Option compiler="mingw" />
		<Build>
			<Target title="Debug">
				<Option output="bin/Debug/jv-ini" prefix_auto="1" extension_auto="1" />
				<Option object_output="obj/Debug/" />
				<Option type="1" />
				<Option compiler="mingw" />
				<Compiler>
					<Add option="-g" />
					<Add option="-finput-charset=UTF-8" />
					<Add option="-fexec-charset=UTF-8" />
					<Add directory="." />
				</Compiler>
			</Target>
			<Target title="Release">
				<Option output="bin/Release/jv-ini" prefix_auto="1" extension_auto="1" />
				<Option object_output="obj/Release/" />
				<Option type="1" />
				<Option compiler="mingw" />
				<Compiler>
					<Add option="-O2" />
					<Add option="-finput-charset=UTF-8" />
					<Add option="-fexec-charset=UTF-8" />
					<Add directory="." />
				</Compiler>
				<Linker>
					<Add option="-s" />
				</Linker>
			</Target>
		</Build>
		<Compiler>
			<Add option="-Wall" />
		</Compiler>
		<Unit filename="jv_ini.c">
			<Option compilerVar="CC" />
		</Unit>
		<Unit filename="jv_ini.h" />
		<Unit filename="jv_ini_main.c">
			<Option compilerVar="CC" />
		</Unit>
		<Extensions>
			<code_completion />
			<envvars />
			<debugger />
		</Extensions>
	</Project>
</CodeBlocks_project_file>
